{
  "name": "@shapeshift-labs/frontier-lang-parser",
  "version": "0.3.110",
  "lockfileVersion": 3,
  "requires": true,
  "packages": {
    "": {
      "name": "@shapeshift-labs/frontier-lang-parser",
      "version": "0.3.110",
      "license": "MIT",
      "dependencies": {
        "@shapeshift-labs/frontier-lang-kernel": "0.3.16"
      },
      "devDependencies": {
        "typescript": "^5.9.3"
      }
    },
    "node_modules/@shapeshift-labs/frontier-lang-kernel": {
      "version": "0.3.16",
      "resolved": "https://registry.npmjs.org/@shapeshift-labs/frontier-lang-kernel/-/frontier-lang-kernel-0.3.16.tgz",
      "integrity": "sha512-qV7sPcPQxNRaxcK950XfsR4IEOLQsjA2FGYvFTA80yICQS7sS9oM9GGHbXKIC4r2KNqPwOayYGxJNTfu4oRUHw==",
      "license": "MIT"
    },
    "node_modules/typescript": {
      "version": "5.9.3",
      "resolved": "https://registry.npmjs.org/typescript/-/typescript-5.9.3.tgz",
      "integrity": "sha512-jl1vZzPDinLr9eUt3J/t7V6FgNEw9QjvBPdysz9KfQDD41fQrC2Y4vKQdiaUpFT4bXlb1RHhLpp8wtm6M5TgSw==",
      "dev": true,
      "license": "Apache-2.0",
      "bin": {
        "tsc": "bin/tsc",
        "tsserver": "bin/tsserver"
      },
      "engines": {
        "node": ">=14.17"
      }
    }
  }
}
